
Microsoft Visual Studio Solution File, Format Version 12.00
# Visual Studio Version 17
VisualStudioVersion = 17.14.36408.4
MinimumVisualStudioVersion = 10.0.40219.1
Project("{FAE04EC0-301F-11D3-BF4B-00C04F79EFBC}") = "DummyWPF", "DummyWPF\DummyWPF.csproj", "{4BA01746-B926-42FE-96C1-A01FA7F7458D}"
EndProject
Project("{FAE04EC0-301F-11D3-BF4B-00C04F79EFBC}") = "DummyWPFTests", "DummyWPFTests\DummyWPFTests.csproj", "{BE3C07BE-6675-4347-BE08-92111429DD87}"
EndProject
Global
	GlobalSection(SolutionConfigurationPlatforms) = preSolution
		Debug|Any CPU = Debug|Any CPU
		Release|Any CPU = Release|Any CPU
	EndGlobalSection
	GlobalSection(ProjectConfigurationPlatforms) = postSolution
		{4BA01746-B926-42FE-96C1-A01FA7F7458D}.Debug|Any CPU.ActiveCfg = Debug|Any CPU
		{4BA01746-B926-42FE-96C1-A01FA7F7458D}.Debug|Any CPU.Build.0 = Debug|Any CPU
		{4BA01746-B926-42FE-96C1-A01FA7F7458D}.Release|Any CPU.ActiveCfg = Release|Any CPU
		{4BA01746-B926-42FE-96C1-A01FA7F7458D}.Release|Any CPU.Build.0 = Release|Any CPU
		{BE3C07BE-6675-4347-BE08-92111429DD87}.Debug|Any CPU.ActiveCfg = Debug|Any CPU
		{BE3C07BE-6675-4347-BE08-92111429DD87}.Debug|Any CPU.Build.0 = Debug|Any CPU
		{BE3C07BE-6675-4347-BE08-92111429DD87}.Release|Any CPU.ActiveCfg = Release|Any CPU
		{BE3C07BE-6675-4347-BE08-92111429DD87}.Release|Any CPU.Build.0 = Release|Any CPU
	EndGlobalSection
	GlobalSection(SolutionProperties) = preSolution
		HideSolutionNode = FALSE
	EndGlobalSection
	GlobalSection(ExtensibilityGlobals) = postSolution
		SolutionGuid = {ED06A48C-0E89-4916-8A07-ADD4C97E7A36}
	EndGlobalSection
EndGlobal
